
Microsoft Visual Studio Solution File, Format Version 12.00
# Visual Studio Version 17
VisualStudioVersion = 17.4.33213.308
MinimumVisualStudioVersion = 10.0.40219.1
Project("{FAE04EC0-301F-11D3-BF4B-00C04F79EFBC}") = "MinhasClasses", "MinhasClasses\MinhasClasses.csproj", "{96554452-018D-43C4-A0D7-D121C7B6DC4C}"
EndProject
Project("{FAE04EC0-301F-11D3-BF4B-00C04F79EFBC}") = "MinhasClassesTeste", "MinhasClassesTeste\MinhasClassesTeste.csproj", "{F4E5B93F-3E87-46A0-96E5-4A34F6B94405}"
EndProject
Global
	GlobalSection(SolutionConfigurationPlatforms) = preSolution
		Debug|Any CPU = Debug|Any CPU
		Release|Any CPU = Release|Any CPU
	EndGlobalSection
	GlobalSection(ProjectConfigurationPlatforms) = postSolution
		{96554452-018D-43C4-A0D7-D121C7B6DC4C}.Debug|Any CPU.ActiveCfg = Debug|Any CPU
		{96554452-018D-43C4-A0D7-D121C7B6DC4C}.Debug|Any CPU.Build.0 = Debug|Any CPU
		{96554452-018D-43C4-A0D7-D121C7B6DC4C}.Release|Any CPU.ActiveCfg = Release|Any CPU
		{96554452-018D-43C4-A0D7-D121C7B6DC4C}.Release|Any CPU.Build.0 = Release|Any CPU
		{F4E5B93F-3E87-46A0-96E5-4A34F6B94405}.Debug|Any CPU.ActiveCfg = Debug|Any CPU
		{F4E5B93F-3E87-46A0-96E5-4A34F6B94405}.Debug|Any CPU.Build.0 = Debug|Any CPU
		{F4E5B93F-3E87-46A0-96E5-4A34F6B94405}.Release|Any CPU.ActiveCfg = Release|Any CPU
		{F4E5B93F-3E87-46A0-96E5-4A34F6B94405}.Release|Any CPU.Build.0 = Release|Any CPU
	EndGlobalSection
	GlobalSection(SolutionProperties) = preSolution
		HideSolutionNode = FALSE
	EndGlobalSection
	GlobalSection(ExtensibilityGlobals) = postSolution
		SolutionGuid = {AC52FC3A-5421-45F5-A699-96EA8924D63E}
	EndGlobalSection
EndGlobal
